
Microsoft Visual Studio Solution File, Format Version 12.00
# Visual Studio Version 17
VisualStudioVersion = 17.7.34018.315
MinimumVisualStudioVersion = 10.0.40219.1
Project("{8BC9CEB8-8B4A-11D0-8D11-00A0C91BC942}") = "Reporte3", "Reporte3\Reporte3.vcxproj", "{4563AAE5-5F16-4AC7-AA90-4FF394E19BF8}"
EndProject
Global
	GlobalSection(SolutionConfigurationPlatforms) = preSolution
		Debug|x64 = Debug|x64
		Debug|x86 = Debug|x86
		Release|x64 = Release|x64
		Release|x86 = Release|x86
	EndGlobalSection
	GlobalSection(ProjectConfigurationPlatforms) = postSolution
		{4563AAE5-5F16-4AC7-AA90-4FF394E19BF8}.Debug|x64.ActiveCfg = Debug|x64
		{4563AAE5-5F16-4AC7-AA90-4FF394E19BF8}.Debug|x64.Build.0 = Debug|x64
		{4563AAE5-5F16-4AC7-AA90-4FF394E19BF8}.Debug|x86.ActiveCfg = Debug|Win32
		{4563AAE5-5F16-4AC7-AA90-4FF394E19BF8}.Debug|x86.Build.0 = Debug|Win32
		{4563AAE5-5F16-4AC7-AA90-4FF394E19BF8}.Release|x64.ActiveCfg = Release|x64
		{4563AAE5-5F16-4AC7-AA90-4FF394E19BF8}.Release|x64.Build.0 = Release|x64
		{4563AAE5-5F16-4AC7-AA90-4FF394E19BF8}.Release|x86.ActiveCfg = Release|Win32
		{4563AAE5-5F16-4AC7-AA90-4FF394E19BF8}.Release|x86.Build.0 = Release|Win32
	EndGlobalSection
	GlobalSection(SolutionProperties) = preSolution
		HideSolutionNode = FALSE
	EndGlobalSection
	GlobalSection(ExtensibilityGlobals) = postSolution
		SolutionGuid = {E4C403E0-C766-427B-A084-997B0E285881}
	EndGlobalSection
EndGlobal
